
Microsoft Visual Studio Solution File, Format Version 12.00
# Visual Studio Version 16
VisualStudioVersion = 16.0.32228.343
MinimumVisualStudioVersion = 10.0.40219.1
Project("{FAE04EC0-301F-11D3-BF4B-00C04F79EFBC}") = "GameManagement", "GameManagement\GameManagement.csproj", "{CA76D1DA-B72C-417F-9107-D4D36360AB04}"
EndProject
Global
	GlobalSection(SolutionConfigurationPlatforms) = preSolution
		Debug|Any CPU = Debug|Any CPU
		Release|Any CPU = Release|Any CPU
	EndGlobalSection
	GlobalSection(ProjectConfigurationPlatforms) = postSolution
		{CA76D1DA-B72C-417F-9107-D4D36360AB04}.Debug|Any CPU.ActiveCfg = Debug|Any CPU
		{CA76D1DA-B72C-417F-9107-D4D36360AB04}.Debug|Any CPU.Build.0 = Debug|Any CPU
		{CA76D1DA-B72C-417F-9107-D4D36360AB04}.Release|Any CPU.ActiveCfg = Release|Any CPU
		{CA76D1DA-B72C-417F-9107-D4D36360AB04}.Release|Any CPU.Build.0 = Release|Any CPU
	EndGlobalSection
	GlobalSection(SolutionProperties) = preSolution
		HideSolutionNode = FALSE
	EndGlobalSection
	GlobalSection(ExtensibilityGlobals) = postSolution
		SolutionGuid = {268F5234-098B-4935-9F36-77ECFA6529F4}
	EndGlobalSection
EndGlobal
